Microsoft Visual Studio Solution File, Format Version 12.00
# Visual Studio 2012
Project("{FAE04EC0-301F-11D3-BF4B-00C04F79EFBC}") = "3d Viewer", "3d Viewer.csproj", "{7443E64F-03B5-44AA-8B73-5B961D87E2FF}"
EndProject
Global
	GlobalSection(SolutionConfigurationPlatforms) = preSolution
	Debug|Any CPU = Debug|Any CPU
	ExportDebug|Any CPU = ExportDebug|Any CPU
	ExportRelease|Any CPU = ExportRelease|Any CPU
	EndGlobalSection
	GlobalSection(ProjectConfigurationPlatforms) = postSolution
		{7443E64F-03B5-44AA-8B73-5B961D87E2FF}.Debug|Any CPU.ActiveCfg = Debug|Any CPU
		{7443E64F-03B5-44AA-8B73-5B961D87E2FF}.Debug|Any CPU.Build.0 = Debug|Any CPU
		{7443E64F-03B5-44AA-8B73-5B961D87E2FF}.ExportDebug|Any CPU.ActiveCfg = ExportDebug|Any CPU
		{7443E64F-03B5-44AA-8B73-5B961D87E2FF}.ExportDebug|Any CPU.Build.0 = ExportDebug|Any CPU
		{7443E64F-03B5-44AA-8B73-5B961D87E2FF}.ExportRelease|Any CPU.ActiveCfg = ExportRelease|Any CPU
		{7443E64F-03B5-44AA-8B73-5B961D87E2FF}.ExportRelease|Any CPU.Build.0 = ExportRelease|Any CPU
	EndGlobalSection
EndGlobal
